// !$*UTF8*$!
{
	archiveVersion = 1;
	classes = {
	};
	objectVersion = 46;
	objects = {

/* Begin PBXBuildFile section */
		D782A5BC1BE9567F00E51BAC /* AppDelegate.swift in Sources */ = {isa = PBXBuildFile; fileRef = D782A5BB1BE9567F00E51BAC /* AppDelegate.swift */; };
		D782A5BE1BE9567F00E51BAC /* ViewController.swift in Sources */ = {isa = PBXBuildFile; fileRef = D782A5BD1BE9567F00E51BAC /* ViewController.swift */; };
		D782A5C11BE9567F00E51BAC /* Main.storyboard in Resources */ = {isa = PBXBuildFile; fileRef = D782A5BF1BE9567F00E51BAC /* Main.storyboard */; };
		D782A5C31BE9567F00E51BAC /* Assets.xcassets in Resources */ = {isa = PBXBuildFile; fileRef = D782A5C21BE9567F00E51BAC /* Assets.xcassets */; };
		D782A5C61BE9567F00E51BAC /* LaunchScreen.storyboard in Resources */ = {isa = PBXBuildFile; fileRef = D782A5C41BE9567F00E51BAC /* LaunchScreen.storyboard */; };
		D782A5CF1BE961E900E51BAC /* TimelineTableViewController.swift in Sources */ = {isa = PBXBuildFile; fileRef = D782A5CE1BE961E900E51BAC /* TimelineTableViewController.swift */; settings = {ASSET_TAGS = (); }; };
		D782A5D11BE9627400E51BAC /* PostDetailTableViewController.swift in Sources */ = {isa = PBXBuildFile; fileRef = D782A5D01BE9627400E51BAC /* PostDetailTableViewController.swift */; settings = {ASSET_TAGS = (); }; };
		D782A5D31BE9644000E51BAC /* UserSearchTableViewController.swift in Sources */ = {isa = PBXBuildFile; fileRef = D782A5D21BE9644000E51BAC /* UserSearchTableViewController.swift */; settings = {ASSET_TAGS = (); }; };
		D782A5D51BE9654700E51BAC /* ProfileViewController.swift in Sources */ = {isa = PBXBuildFile; fileRef = D782A5D41BE9654700E51BAC /* ProfileViewController.swift */; settings = {ASSET_TAGS = (); }; };
		D782A5D71BE965AF00E51BAC /* AddPhotoTableViewController.swift in Sources */ = {isa = PBXBuildFile; fileRef = D782A5D61BE965AF00E51BAC /* AddPhotoTableViewController.swift */; settings = {ASSET_TAGS = (); }; };
		D782A5DB1BE966F700E51BAC /* LoginSignupPickerViewController.swift in Sources */ = {isa = PBXBuildFile; fileRef = D782A5DA1BE966F700E51BAC /* LoginSignupPickerViewController.swift */; settings = {ASSET_TAGS = (); }; };
		D782A5DD1BE967E500E51BAC /* LoginSignupViewController.swift in Sources */ = {isa = PBXBuildFile; fileRef = D782A5DC1BE967E500E51BAC /* LoginSignupViewController.swift */; settings = {ASSET_TAGS = (); }; };
		D782A5DF1BE9694200E51BAC /* User.swift in Sources */ = {isa = PBXBuildFile; fileRef = D782A5DE1BE9694200E51BAC /* User.swift */; settings = {ASSET_TAGS = (); }; };
		D782A5E11BE9696B00E51BAC /* Post.swift in Sources */ = {isa = PBXBuildFile; fileRef = D782A5E01BE9696B00E51BAC /* Post.swift */; settings = {ASSET_TAGS = (); }; };
		D782A5E31BE969B400E51BAC /* Comments.swift in Sources */ = {isa = PBXBuildFile; fileRef = D782A5E21BE969B400E51BAC /* Comments.swift */; settings = {ASSET_TAGS = (); }; };
		D782A5E51BE969BD00E51BAC /* Likes.swift in Sources */ = {isa = PBXBuildFile; fileRef = D782A5E41BE969BD00E51BAC /* Likes.swift */; settings = {ASSET_TAGS = (); }; };
		D782A5E71BE9843500E51BAC /* UserController.swift in Sources */ = {isa = PBXBuildFile; fileRef = D782A5E61BE9843500E51BAC /* UserController.swift */; settings = {ASSET_TAGS = (); }; };
		D782A5E91BE98A0B00E51BAC /* PostController.swift in Sources */ = {isa = PBXBuildFile; fileRef = D782A5E81BE98A0B00E51BAC /* PostController.swift */; settings = {ASSET_TAGS = (); }; };
/* End PBXBuildFile section */

/* Begin PBXFileReference section */
		D782A5B81BE9567F00E51BAC /* Timeline.app */ = {isa = PBXFileReference; explicitFileType = wrapper.application; includeInIndex = 0; path = Timeline.app; sourceTree = BUILT_PRODUCTS_DIR; };
		D782A5BB1BE9567F00E51BAC /* AppDelegate.swift */ = {isa = PBXFileReference; lastKnownFileType = sourcecode.swift; path = AppDelegate.swift; sourceTree = "<group>"; };
		D782A5BD1BE9567F00E51BAC /* ViewController.swift */ = {isa = PBXFileReference; lastKnownFileType = sourcecode.swift; path = ViewController.swift; sourceTree = "<group>"; };
		D782A5C01BE9567F00E51BAC /* Base */ = {isa = PBXFileReference; lastKnownFileType = file.storyboard; name = Base; path = Base.lproj/Main.storyboard; sourceTree = "<group>"; };
		D782A5C21BE9567F00E51BAC /* Assets.xcassets */ = {isa = PBXFileReference; lastKnownFileType = folder.assetcatalog; path = Assets.xcassets; sourceTree = "<group>"; };
		D782A5C51BE9567F00E51BAC /* Base */ = {isa = PBXFileReference; lastKnownFileType = file.storyboard; name = Base; path = Base.lproj/LaunchScreen.storyboard; sourceTree = "<group>"; };
		D782A5C71BE9567F00E51BAC /* Info.plist */ = {isa = PBXFileReference; lastKnownFileType = text.plist.xml; path = Info.plist; sourceTree = "<group>"; };
		D782A5CE1BE961E900E51BAC /* TimelineTableViewController.swift */ = {isa = PBXFileReference; fileEncoding = 4; lastKnownFileType = sourcecode.swift; path = TimelineTableViewController.swift; sourceTree = "<group>"; };
		D782A5D01BE9627400E51BAC /* PostDetailTableViewController.swift */ = {isa = PBXFileReference; fileEncoding = 4; lastKnownFileType = sourcecode.swift; path = PostDetailTableViewController.swift; sourceTree = "<group>"; };
		D782A5D21BE9644000E51BAC /* UserSearchTableViewController.swift */ = {isa = PBXFileReference; fileEncoding = 4; lastKnownFileType = sourcecode.swift; path = UserSearchTableViewController.swift; sourceTree = "<group>"; };
		D782A5D41BE9654700E51BAC /* ProfileViewController.swift */ = {isa = PBXFileReference; fileEncoding = 4; lastKnownFileType = sourcecode.swift; path = ProfileViewController.swift; sourceTree = "<group>"; };
		D782A5D61BE965AF00E51BAC /* AddPhotoTableViewController.swift */ = {isa = PBXFileReference; fileEncoding = 4; lastKnownFileType = sourcecode.swift; path = AddPhotoTableViewController.swift; sourceTree = "<group>"; };
		D782A5DA1BE966F700E51BAC /* LoginSignupPickerViewController.swift */ = {isa = PBXFileReference; fileEncoding = 4; lastKnownFileType = sourcecode.swift; name = LoginSignupPickerViewController.swift; path = ../LoginSignupPickerViewController.swift; sourceTree = "<group>"; };
		D782A5DC1BE967E500E51BAC /* LoginSignupViewController.swift */ = {isa = PBXFileReference; fileEncoding = 4; lastKnownFileType = sourcecode.swift; path = LoginSignupViewController.swift; sourceTree = "<group>"; };
		D782A5DE1BE9694200E51BAC /* User.swift */ = {isa = PBXFileReference; fileEncoding = 4; lastKnownFileType = sourcecode.swift; path = User.swift; sourceTree = "<group>"; };
		D782A5E01BE9696B00E51BAC /* Post.swift */ = {isa = PBXFileReference; fileEncoding = 4; lastKnownFileType = sourcecode.swift; path = Post.swift; sourceTree = "<group>"; };
		D782A5E21BE969B400E51BAC /* Comments.swift */ = {isa = PBXFileReference; fileEncoding = 4; lastKnownFileType = sourcecode.swift; path = Comments.swift; sourceTree = "<group>"; };
		D782A5E41BE969BD00E51BAC /* Likes.swift */ = {isa = PBXFileReference; fileEncoding = 4; lastKnownFileType = sourcecode.swift; path = Likes.swift; sourceTree = "<group>"; };
		D782A5E61BE9843500E51BAC /* UserController.swift */ = {isa = PBXFileReference; fileEncoding = 4; lastKnownFileType = sourcecode.swift; path = UserController.swift; sourceTree = "<group>"; };
		D782A5E81BE98A0B00E51BAC /* PostController.swift */ = {isa = PBXFileReference; fileEncoding = 4; lastKnownFileType = sourcecode.swift; path = PostController.swift; sourceTree = "<group>"; };
/* End PBXFileReference section */

/* Begin PBXFrameworksBuildPhase section */
		D782A5B51BE9567F00E51BAC /* Frameworks */ = {
			isa = PBXFrameworksBuildPhase;
			buildActionMask = 2147483647;
			files = (
			);
			runOnlyForDeploymentPostprocessing = 0;
		};
/* End PBXFrameworksBuildPhase section */

/* Begin PBXGroup section */
		D782A5AF1BE9567F00E51BAC = {
			isa = PBXGroup;
			children = (
				D782A5BA1BE9567F00E51BAC /* Timeline */,
				D782A5B91BE9567F00E51BAC /* Products */,
			);
			sourceTree = "<group>";
		};
		D782A5B91BE9567F00E51BAC /* Products */ = {
			isa = PBXGroup;
			children = (
				D782A5B81BE9567F00E51BAC /* Timeline.app */,
			);
			name = Products;
			sourceTree = "<group>";
		};
		D782A5BA1BE9567F00E51BAC /* Timeline */ = {
			isa = PBXGroup;
			children = (
				D782A5DA1BE966F700E51BAC /* LoginSignupPickerViewController.swift */,
				D782A5BB1BE9567F00E51BAC /* AppDelegate.swift */,
				D782A5BD1BE9567F00E51BAC /* ViewController.swift */,
				D782A5E01BE9696B00E51BAC /* Post.swift */,
				D782A5E21BE969B400E51BAC /* Comments.swift */,
				D782A5E41BE969BD00E51BAC /* Likes.swift */,
				D782A5DE1BE9694200E51BAC /* User.swift */,
				D782A5D41BE9654700E51BAC /* ProfileViewController.swift */,
				D782A5E61BE9843500E51BAC /* UserController.swift */,
				D782A5E81BE98A0B00E51BAC /* PostController.swift */,
				D782A5D21BE9644000E51BAC /* UserSearchTableViewController.swift */,
				D782A5BF1BE9567F00E51BAC /* Main.storyboard */,
				D782A5DC1BE967E500E51BAC /* LoginSignupViewController.swift */,
				D782A5D61BE965AF00E51BAC /* AddPhotoTableViewController.swift */,
				D782A5D01BE9627400E51BAC /* PostDetailTableViewController.swift */,
				D782A5CE1BE961E900E51BAC /* TimelineTableViewController.swift */,
				D782A5C21BE9567F00E51BAC /* Assets.xcassets */,
				D782A5C41BE9567F00E51BAC /* LaunchScreen.storyboard */,
				D782A5C71BE9567F00E51BAC /* Info.plist */,
			);
			path = Timeline;
			sourceTree = "<group>";
		};
/* End PBXGroup section */

/* Begin PBXNativeTarget section */
		D782A5B71BE9567F00E51BAC /* Timeline */ = {
			isa = PBXNativeTarget;
			buildConfigurationList = D782A5CA1BE9567F00E51BAC /* Build configuration list for PBXNativeTarget "Timeline" */;
			buildPhases = (
				D782A5B41BE9567F00E51BAC /* Sources */,
				D782A5B51BE9567F00E51BAC /* Frameworks */,
				D782A5B61BE9567F00E51BAC /* Resources */,
			);
			buildRules = (
			);
			dependencies = (
			);
			name = Timeline;
			productName = Timeline;
			productReference = D782A5B81BE9567F00E51BAC /* Timeline.app */;
			productType = "com.apple.product-type.application";
		};
/* End PBXNativeTarget section */

/* Begin PBXProject section */
		D782A5B01BE9567F00E51BAC /* Project object */ = {
			isa = PBXProject;
			attributes = {
				LastUpgradeCheck = 0700;
				ORGANIZATIONNAME = "Eric Mead";
				TargetAttributes = {
					D782A5B71BE9567F00E51BAC = {
						CreatedOnToolsVersion = 7.0.1;
					};
				};
			};
			buildConfigurationList = D782A5B31BE9567F00E51BAC /* Build configuration list for PBXProject "Timeline" */;
			compatibilityVersion = "Xcode 3.2";
			developmentRegion = English;
			hasScannedForEncodings = 0;
			knownRegions = (
				en,
				Base,
			);
			mainGroup = D782A5AF1BE9567F00E51BAC;
			productRefGroup = D782A5B91BE9567F00E51BAC /* Products */;
			projectDirPath = "";
			projectRoot = "";
			targets = (
				D782A5B71BE9567F00E51BAC /* Timeline */,
			);
		};
/* End PBXProject section */

/* Begin PBXResourcesBuildPhase section */
		D782A5B61BE9567F00E51BAC /* Resources */ = {
			isa = PBXResourcesBuildPhase;
			buildActionMask = 2147483647;
			files = (
				D782A5C61BE9567F00E51BAC /* LaunchScreen.storyboard in Resources */,
				D782A5C31BE9567F00E51BAC /* Assets.xcassets in Resources */,
				D782A5C11BE9567F00E51BAC /* Main.storyboard in Resources */,
			);
			runOnlyForDeploymentPostprocessing = 0;
		};
/* End PBXResourcesBuildPhase section */

/* Begin PBXSourcesBuildPhase section */
		D782A5B41BE9567F00E51BAC /* Sources */ = {
			isa = PBXSourcesBuildPhase;
			buildActionMask = 2147483647;
			files = (
				D782A5DB1BE966F700E51BAC /* LoginSignupPickerViewController.swift in Sources */,
				D782A5E11BE9696B00E51BAC /* Post.swift in Sources */,
				D782A5D51BE9654700E51BAC /* ProfileViewController.swift in Sources */,
				D782A5D31BE9644000E51BAC /* UserSearchTableViewController.swift in Sources */,
				D782A5E71BE9843500E51BAC /* UserController.swift in Sources */,
				D782A5E91BE98A0B00E51BAC /* PostController.swift in Sources */,
				D782A5E51BE969BD00E51BAC /* Likes.swift in Sources */,
				D782A5BE1BE9567F00E51BAC /* ViewController.swift in Sources */,
				D782A5DD1BE967E500E51BAC /* LoginSignupViewController.swift in Sources */,
				D782A5CF1BE961E900E51BAC /* TimelineTableViewController.swift in Sources */,
				D782A5D11BE9627400E51BAC /* PostDetailTableViewController.swift in Sources */,
				D782A5BC1BE9567F00E51BAC /* AppDelegate.swift in Sources */,
				D782A5DF1BE9694200E51BAC /* User.swift in Sources */,
				D782A5D71BE965AF00E51BAC /* AddPhotoTableViewController.swift in Sources */,
				D782A5E31BE969B400E51BAC /* Comments.swift in Sources */,
			);
			runOnlyForDeploymentPostprocessing = 0;
		};
/* End PBXSourcesBuildPhase section */

/* Begin PBXVariantGroup section */
		D782A5BF1BE9567F00E51BAC /* Main.storyboard */ = {
			isa = PBXVariantGroup;
			children = (
				D782A5C01BE9567F00E51BAC /* Base */,
			);
			name = Main.storyboard;
			sourceTree = "<group>";
		};
		D782A5C41BE9567F00E51BAC /* LaunchScreen.storyboard */ = {
			isa = PBXVariantGroup;
			children = (
				D782A5C51BE9567F00E51BAC /* Base */,
			);
			name = LaunchScreen.storyboard;
			sourceTree = "<group>";
		};
/* End PBXVariantGroup section */

/* Begin XCBuildConfiguration section */
		D782A5C81BE9567F00E51BAC /* Debug */ = {
			isa = XCBuildConfiguration;
			buildSettings = {
				ALWAYS_SEARCH_USER_PATHS = NO;
				CLANG_CXX_LANGUAGE_STANDARD = "gnu++0x";
				CLANG_CXX_LIBRARY = "libc++";
				CLANG_ENABLE_MODULES = YES;
				CLANG_ENABLE_OBJC_ARC = YES;
				CLANG_WARN_BOOL_CONVERSION = YES;
				CLANG_WARN_CONSTANT_CONVERSION = YES;
				CLANG_WARN_DIRECT_OBJC_ISA_USAGE = YES_ERROR;
				CLANG_WARN_EMPTY_BODY = YES;
				CLANG_WARN_ENUM_CONVERSION = YES;
				CLANG_WARN_INT_CONVERSION = YES;
				CLANG_WARN_OBJC_ROOT_CLASS = YES_ERROR;
				CLANG_WARN_UNREACHABLE_CODE = YES;
				CLANG_WARN__DUPLICATE_METHOD_MATCH = YES;
				"CODE_SIGN_IDENTITY[sdk=iphoneos*]" = "iPhone Developer";
				COPY_PHASE_STRIP = NO;
				DEBUG_INFORMATION_FORMAT = dwarf;
				ENABLE_STRICT_OBJC_MSGSEND = YES;
				ENABLE_TESTABILITY = YES;
				GCC_C_LANGUAGE_STANDARD = gnu99;
				GCC_DYNAMIC_NO_PIC = NO;
				GCC_NO_COMMON_BLOCKS = YES;
				GCC_OPTIMIZATION_LEVEL = 0;
				GCC_PREPROCESSOR_DEFINITIONS = (
					"DEBUG=1",
					"$(inherited)",
				);
				GCC_WARN_64_TO_32_BIT_CONVERSION = YES;
				GCC_WARN_ABOUT_RETURN_TYPE = YES_ERROR;
				GCC_WARN_UNDECLARED_SELECTOR = YES;
				GCC_WARN_UNINITIALIZED_AUTOS = YES_AGGRESSIVE;
				GCC_WARN_UNUSED_FUNCTION = YES;
				GCC_WARN_UNUSED_VARIABLE = YES;
				IPHONEOS_DEPLOYMENT_TARGET = 9.0;
				MTL_ENABLE_DEBUG_INFO = YES;
				ONLY_ACTIVE_ARCH = YES;
				SDKROOT = iphoneos;
				SWIFT_OPTIMIZATION_LEVEL = "-Onone";
				TARGETED_DEVICE_FAMILY = "1,2";
			};
			name = Debug;
		};
		D782A5C91BE9567F00E51BAC /* Release */ = {
			isa = XCBuildConfiguration;
			buildSettings = {
				ALWAYS_SEARCH_USER_PATHS = NO;
				CLANG_CXX_LANGUAGE_STANDARD = "gnu++0x";
				CLANG_CXX_LIBRARY = "libc++";
				CLANG_ENABLE_MODULES = YES;
				CLANG_ENABLE_OBJC_ARC = YES;
				CLANG_WARN_BOOL_CONVERSION = YES;
				CLANG_WARN_CONSTANT_CONVERSION = YES;
				CLANG_WARN_DIRECT_OBJC_ISA_USAGE = YES_ERROR;
				CLANG_WARN_EMPTY_BODY = YES;
				CLANG_WARN_ENUM_CONVERSION = YES;
				CLANG_WARN_INT_CONVERSION = YES;
				CLANG_WARN_OBJC_ROOT_CLASS = YES_ERROR;
				CLANG_WARN_UNREACHABLE_CODE = YES;
				CLANG_WARN__DUPLICATE_METHOD_MATCH = YES;
				"CODE_SIGN_IDENTITY[sdk=iphoneos*]" = "iPhone Developer";
				COPY_PHASE_STRIP = NO;
				DEBUG_INFORMATION_FORMAT = "dwarf-with-dsym";
				ENABLE_NS_ASSERTIONS = NO;
				ENABLE_STRICT_OBJC_MSGSEND = YES;
				GCC_C_LANGUAGE_STANDARD = gnu99;
				GCC_NO_COMMON_BLOCKS = YES;
				GCC_WARN_64_TO_32_BIT_CONVERSION = YES;
				GCC_WARN_ABOUT_RETURN_TYPE = YES_ERROR;
				GCC_WARN_UNDECLARED_SELECTOR = YES;
				GCC_WARN_UNINITIALIZED_AUTOS = YES_AGGRESSIVE;
				GCC_WARN_UNUSED_FUNCTION = YES;
				GCC_WARN_UNUSED_VARIABLE = YES;
				IPHONEOS_DEPLOYMENT_TARGET = 9.0;
				MTL_ENABLE_DEBUG_INFO = NO;
				SDKROOT = iphoneos;
				TARGETED_DEVICE_FAMILY = "1,2";
				VALIDATE_PRODUCT = YES;
			};
			name = Release;
		};
		D782A5CB1BE9567F00E51BAC /* Debug */ = {
			isa = XCBuildConfiguration;
			buildSettings = {
				ASSETCATALOG_COMPILER_APPICON_NAME = AppIcon;
				INFOPLIST_FILE = Timeline/Info.plist;
				LD_RUNPATH_SEARCH_PATHS = "$(inherited) @executable_path/Frameworks";
				PRODUCT_BUNDLE_IDENTIFIER = com.mysite.Timeline;
				PRODUCT_NAME = "$(TARGET_NAME)";
			};
			name = Debug;
		};
		D782A5CC1BE9567F00E51BAC /* Release */ = {
			isa = XCBuildConfiguration;
			buildSettings = {
				ASSETCATALOG_COMPILER_APPICON_NAME = AppIcon;
				INFOPLIST_FILE = Timeline/Info.plist;
				LD_RUNPATH_SEARCH_PATHS = "$(inherited) @executable_path/Frameworks";
				PRODUCT_BUNDLE_IDENTIFIER = com.mysite.Timeline;
				PRODUCT_NAME = "$(TARGET_NAME)";
			};
			name = Release;
		};
/* End XCBuildConfiguration section */

/* Begin XCConfigurationList section */
		D782A5B31BE9567F00E51BAC /* Build configuration list for PBXProject "Timeline" */ = {
			isa = XCConfigurationList;
			buildConfigurations = (
				D782A5C81BE9567F00E51BAC /* Debug */,
				D782A5C91BE9567F00E51BAC /* Release */,
			);
			defaultConfigurationIsVisible = 0;
			defaultConfigurationName = Release;
		};
		D782A5CA1BE9567F00E51BAC /* Build configuration list for PBXNativeTarget "Timeline" */ = {
			isa = XCConfigurationList;
			buildConfigurations = (
				D782A5CB1BE9567F00E51BAC /* Debug */,
				D782A5CC1BE9567F00E51BAC /* Release */,
			);
			defaultConfigurationIsVisible = 0;
			defaultConfigurationName = Release;
		};
/* End XCConfigurationList section */
	};
	rootObject = D782A5B01BE9567F00E51BAC /* Project object */;
}
